
Microsoft Visual Studio Solution File, Format Version 12.00
# Visual Studio 15
VisualStudioVersion = 15.0.27130.2027
MinimumVisualStudioVersion = 10.0.40219.1
Project("{FAE04EC0-301F-11D3-BF4B-00C04F79EFBC}") = "ElDewrito Firewall Synchronization", "ElDewrito Firewall Synchronization\ElDewrito Firewall Synchronization.csproj", "{BD7EC24D-DB67-4B4C-ACF9-0C468683376A}"
EndProject
Global
	GlobalSection(SolutionConfigurationPlatforms) = preSolution
		Debug|Any CPU = Debug|Any CPU
		Release|Any CPU = Release|Any CPU
	EndGlobalSection
	GlobalSection(ProjectConfigurationPlatforms) = postSolution
		{BD7EC24D-DB67-4B4C-ACF9-0C468683376A}.Debug|Any CPU.ActiveCfg = Debug|Any CPU
		{BD7EC24D-DB67-4B4C-ACF9-0C468683376A}.Debug|Any CPU.Build.0 = Debug|Any CPU
		{BD7EC24D-DB67-4B4C-ACF9-0C468683376A}.Release|Any CPU.ActiveCfg = Release|Any CPU
		{BD7EC24D-DB67-4B4C-ACF9-0C468683376A}.Release|Any CPU.Build.0 = Release|Any CPU
	EndGlobalSection
	GlobalSection(SolutionProperties) = preSolution
		HideSolutionNode = FALSE
	EndGlobalSection
	GlobalSection(ExtensibilityGlobals) = postSolution
		SolutionGuid = {1080E6D5-9029-4E1C-A4B2-772616DB0EAC}
	EndGlobalSection
EndGlobal
